
Microsoft Visual Studio Solution File, Format Version 12.00
# Visual Studio Version 17
VisualStudioVersion = 17.0.31903.59
MinimumVisualStudioVersion = 10.0.40219.1
Project("{2150E333-8FDC-42A3-9474-1A3956D46DE8}") = "src", "src", "{827E0CD3-B72D-47B6-A68D-7590B98EB39B}"
EndProject
Project("{FAE04EC0-301F-11D3-BF4B-00C04F79EFBC}") = "Cms.Ai", "src\Cms.Ai\Cms.Ai.csproj", "{A1A32E62-6DB3-49B9-B208-23469A6109CB}"
EndProject
Project("{FAE04EC0-301F-11D3-BF4B-00C04F79EFBC}") = "Cms.Api", "src\Cms.Api\Cms.Api.csproj", "{CC1CF2B3-42C3-4D81-80E7-1BF66C668F4E}"
EndProject
Project("{FAE04EC0-301F-11D3-BF4B-00C04F79EFBC}") = "Cms.Domain", "src\Cms.Domain\Cms.Domain.csproj", "{72953906-EC1F-4B2D-A6D3-3E15CB5EBB4E}"
EndProject
Project("{FAE04EC0-301F-11D3-BF4B-00C04F79EFBC}") = "Cms.Application", "src\Cms.Application\Cms.Application.csproj", "{2E8E3F0F-DCE5-47FC-8FF1-27420E0BA419}"
EndProject
Project("{FAE04EC0-301F-11D3-BF4B-00C04F79EFBC}") = "Cms.Infrastructure", "src\Cms.Infrastructure\Cms.Infrastructure.csproj", "{290B8ACC-9D87-4BA2-8596-0182B3E8547F}"
EndProject
Project("{2150E333-8FDC-42A3-9474-1A3956D46DE8}") = "tests", "tests", "{0AB3BF05-4346-4AA6-1389-037BE0695223}"
EndProject
Project("{FAE04EC0-301F-11D3-BF4B-00C04F79EFBC}") = "Cms.Tests", "tests\Cms.Tests\Cms.Tests.csproj", "{4151889F-A405-470A-8AA3-984D80F5DB6A}"
EndProject
Global
	GlobalSection(SolutionConfigurationPlatforms) = preSolution
		Debug|Any CPU = Debug|Any CPU
		Debug|x64 = Debug|x64
		Debug|x86 = Debug|x86
		Release|Any CPU = Release|Any CPU
		Release|x64 = Release|x64
		Release|x86 = Release|x86
	EndGlobalSection
	GlobalSection(ProjectConfigurationPlatforms) = postSolution
		{A1A32E62-6DB3-49B9-B208-23469A6109CB}.Debug|Any CPU.ActiveCfg = Debug|Any CPU
		{A1A32E62-6DB3-49B9-B208-23469A6109CB}.Debug|Any CPU.Build.0 = Debug|Any CPU
		{A1A32E62-6DB3-49B9-B208-23469A6109CB}.Debug|x64.ActiveCfg = Debug|Any CPU
		{A1A32E62-6DB3-49B9-B208-23469A6109CB}.Debug|x64.Build.0 = Debug|Any CPU
		{A1A32E62-6DB3-49B9-B208-23469A6109CB}.Debug|x86.ActiveCfg = Debug|Any CPU
		{A1A32E62-6DB3-49B9-B208-23469A6109CB}.Debug|x86.Build.0 = Debug|Any CPU
		{A1A32E62-6DB3-49B9-B208-23469A6109CB}.Release|Any CPU.ActiveCfg = Release|Any CPU
		{A1A32E62-6DB3-49B9-B208-23469A6109CB}.Release|Any CPU.Build.0 = Release|Any CPU
		{A1A32E62-6DB3-49B9-B208-23469A6109CB}.Release|x64.ActiveCfg = Release|Any CPU
		{A1A32E62-6DB3-49B9-B208-23469A6109CB}.Release|x64.Build.0 = Release|Any CPU
		{A1A32E62-6DB3-49B9-B208-23469A6109CB}.Release|x86.ActiveCfg = Release|Any CPU
		{A1A32E62-6DB3-49B9-B208-23469A6109CB}.Release|x86.Build.0 = Release|Any CPU
		{CC1CF2B3-42C3-4D81-80E7-1BF66C668F4E}.Debug|Any CPU.ActiveCfg = Debug|Any CPU
		{CC1CF2B3-42C3-4D81-80E7-1BF66C668F4E}.Debug|Any CPU.Build.0 = Debug|Any CPU
		{CC1CF2B3-42C3-4D81-80E7-1BF66C668F4E}.Debug|x64.ActiveCfg = Debug|Any CPU
		{CC1CF2B3-42C3-4D81-80E7-1BF66C668F4E}.Debug|x64.Build.0 = Debug|Any CPU
		{CC1CF2B3-42C3-4D81-80E7-1BF66C668F4E}.Debug|x86.ActiveCfg = Debug|Any CPU
		{CC1CF2B3-42C3-4D81-80E7-1BF66C668F4E}.Debug|x86.Build.0 = Debug|Any CPU
		{CC1CF2B3-42C3-4D81-80E7-1BF66C668F4E}.Release|Any CPU.ActiveCfg = Release|Any CPU
		{CC1CF2B3-42C3-4D81-80E7-1BF66C668F4E}.Release|Any CPU.Build.0 = Release|Any CPU
		{CC1CF2B3-42C3-4D81-80E7-1BF66C668F4E}.Release|x64.ActiveCfg = Release|Any CPU
		{CC1CF2B3-42C3-4D81-80E7-1BF66C668F4E}.Release|x64.Build.0 = Release|Any CPU
		{CC1CF2B3-42C3-4D81-80E7-1BF66C668F4E}.Release|x86.ActiveCfg = Release|Any CPU
		{CC1CF2B3-42C3-4D81-80E7-1BF66C668F4E}.Release|x86.Build.0 = Release|Any CPU
		{72953906-EC1F-4B2D-A6D3-3E15CB5EBB4E}.Debug|Any CPU.ActiveCfg = Debug|Any CPU
		{72953906-EC1F-4B2D-A6D3-3E15CB5EBB4E}.Debug|Any CPU.Build.0 = Debug|Any CPU
		{72953906-EC1F-4B2D-A6D3-3E15CB5EBB4E}.Debug|x64.ActiveCfg = Debug|Any CPU
		{72953906-EC1F-4B2D-A6D3-3E15CB5EBB4E}.Debug|x64.Build.0 = Debug|Any CPU
		{72953906-EC1F-4B2D-A6D3-3E15CB5EBB4E}.Debug|x86.ActiveCfg = Debug|Any CPU
		{72953906-EC1F-4B2D-A6D3-3E15CB5EBB4E}.Debug|x86.Build.0 = Debug|Any CPU
		{72953906-EC1F-4B2D-A6D3-3E15CB5EBB4E}.Release|Any CPU.ActiveCfg = Release|Any CPU
		{72953906-EC1F-4B2D-A6D3-3E15CB5EBB4E}.Release|Any CPU.Build.0 = Release|Any CPU
		{72953906-EC1F-4B2D-A6D3-3E15CB5EBB4E}.Release|x64.ActiveCfg = Release|Any CPU
		{72953906-EC1F-4B2D-A6D3-3E15CB5EBB4E}.Release|x64.Build.0 = Release|Any CPU
		{72953906-EC1F-4B2D-A6D3-3E15CB5EBB4E}.Release|x86.ActiveCfg = Release|Any CPU
		{72953906-EC1F-4B2D-A6D3-3E15CB5EBB4E}.Release|x86.Build.0 = Release|Any CPU
		{2E8E3F0F-DCE5-47FC-8FF1-27420E0BA419}.Debug|Any CPU.ActiveCfg = Debug|Any CPU
		{2E8E3F0F-DCE5-47FC-8FF1-27420E0BA419}.Debug|Any CPU.Build.0 = Debug|Any CPU
		{2E8E3F0F-DCE5-47FC-8FF1-27420E0BA419}.Debug|x64.ActiveCfg = Debug|Any CPU
		{2E8E3F0F-DCE5-47FC-8FF1-27420E0BA419}.Debug|x64.Build.0 = Debug|Any CPU
		{2E8E3F0F-DCE5-47FC-8FF1-27420E0BA419}.Debug|x86.ActiveCfg = Debug|Any CPU
		{2E8E3F0F-DCE5-47FC-8FF1-27420E0BA419}.Debug|x86.Build.0 = Debug|Any CPU
		{2E8E3F0F-DCE5-47FC-8FF1-27420E0BA419}.Release|Any CPU.ActiveCfg = Release|Any CPU
		{2E8E3F0F-DCE5-47FC-8FF1-27420E0BA419}.Release|Any CPU.Build.0 = Release|Any CPU
		{2E8E3F0F-DCE5-47FC-8FF1-27420E0BA419}.Release|x64.ActiveCfg = Release|Any CPU
		{2E8E3F0F-DCE5-47FC-8FF1-27420E0BA419}.Release|x64.Build.0 = Release|Any CPU
		{2E8E3F0F-DCE5-47FC-8FF1-27420E0BA419}.Release|x86.ActiveCfg = Release|Any CPU
		{2E8E3F0F-DCE5-47FC-8FF1-27420E0BA419}.Release|x86.Build.0 = Release|Any CPU
		{290B8ACC-9D87-4BA2-8596-0182B3E8547F}.Debug|Any CPU.ActiveCfg = Debug|Any CPU
		{290B8ACC-9D87-4BA2-8596-0182B3E8547F}.Debug|Any CPU.Build.0 = Debug|Any CPU
		{290B8ACC-9D87-4BA2-8596-0182B3E8547F}.Debug|x64.ActiveCfg = Debug|Any CPU
		{290B8ACC-9D87-4BA2-8596-0182B3E8547F}.Debug|x64.Build.0 = Debug|Any CPU
		{290B8ACC-9D87-4BA2-8596-0182B3E8547F}.Debug|x86.ActiveCfg = Debug|Any CPU
		{290B8ACC-9D87-4BA2-8596-0182B3E8547F}.Debug|x86.Build.0 = Debug|Any CPU
		{290B8ACC-9D87-4BA2-8596-0182B3E8547F}.Release|Any CPU.ActiveCfg = Release|Any CPU
		{290B8ACC-9D87-4BA2-8596-0182B3E8547F}.Release|Any CPU.Build.0 = Release|Any CPU
		{290B8ACC-9D87-4BA2-8596-0182B3E8547F}.Release|x64.ActiveCfg = Release|Any CPU
		{290B8ACC-9D87-4BA2-8596-0182B3E8547F}.Release|x64.Build.0 = Release|Any CPU
		{290B8ACC-9D87-4BA2-8596-0182B3E8547F}.Release|x86.ActiveCfg = Release|Any CPU
		{290B8ACC-9D87-4BA2-8596-0182B3E8547F}.Release|x86.Build.0 = Release|Any CPU
		{4151889F-A405-470A-8AA3-984D80F5DB6A}.Debug|Any CPU.ActiveCfg = Debug|Any CPU
		{4151889F-A405-470A-8AA3-984D80F5DB6A}.Debug|Any CPU.Build.0 = Debug|Any CPU
		{4151889F-A405-470A-8AA3-984D80F5DB6A}.Debug|x64.ActiveCfg = Debug|Any CPU
		{4151889F-A405-470A-8AA3-984D80F5DB6A}.Debug|x64.Build.0 = Debug|Any CPU
		{4151889F-A405-470A-8AA3-984D80F5DB6A}.Debug|x86.ActiveCfg = Debug|Any CPU
		{4151889F-A405-470A-8AA3-984D80F5DB6A}.Debug|x86.Build.0 = Debug|Any CPU
		{4151889F-A405-470A-8AA3-984D80F5DB6A}.Release|Any CPU.ActiveCfg = Release|Any CPU
		{4151889F-A405-470A-8AA3-984D80F5DB6A}.Release|Any CPU.Build.0 = Release|Any CPU
		{4151889F-A405-470A-8AA3-984D80F5DB6A}.Release|x64.ActiveCfg = Release|Any CPU
		{4151889F-A405-470A-8AA3-984D80F5DB6A}.Release|x64.Build.0 = Release|Any CPU
		{4151889F-A405-470A-8AA3-984D80F5DB6A}.Release|x86.ActiveCfg = Release|Any CPU
		{4151889F-A405-470A-8AA3-984D80F5DB6A}.Release|x86.Build.0 = Release|Any CPU
	EndGlobalSection
	GlobalSection(SolutionProperties) = preSolution
		HideSolutionNode = FALSE
	EndGlobalSection
	GlobalSection(NestedProjects) = preSolution
		{A1A32E62-6DB3-49B9-B208-23469A6109CB} = {827E0CD3-B72D-47B6-A68D-7590B98EB39B}
		{CC1CF2B3-42C3-4D81-80E7-1BF66C668F4E} = {827E0CD3-B72D-47B6-A68D-7590B98EB39B}
		{72953906-EC1F-4B2D-A6D3-3E15CB5EBB4E} = {827E0CD3-B72D-47B6-A68D-7590B98EB39B}
		{2E8E3F0F-DCE5-47FC-8FF1-27420E0BA419} = {827E0CD3-B72D-47B6-A68D-7590B98EB39B}
		{290B8ACC-9D87-4BA2-8596-0182B3E8547F} = {827E0CD3-B72D-47B6-A68D-7590B98EB39B}
		{4151889F-A405-470A-8AA3-984D80F5DB6A} = {0AB3BF05-4346-4AA6-1389-037BE0695223}
	EndGlobalSection
EndGlobal
